// !$*UTF8*$!
{
	archiveVersion = 1;
	classes = {
	};
	objectVersion = 56;
	objects = {

/* Begin PBXBuildFile section */
		590077F3295DC9D400A95DDA /* baseLockAnimation.caml in Resources */ = {isa = PBXBuildFile; fileRef = 590077F2295DC9D400A95DDA /* baseLockAnimation.caml */; };
		59007801295E130C00A95DDA /* TrollFXImpl.swift in Sources */ = {isa = PBXBuildFile; fileRef = 590077FD295E130C00A95DDA /* TrollFXImpl.swift */; };
		59007802295E130C00A95DDA /* TrollFXView.swift in Sources */ = {isa = PBXBuildFile; fileRef = 590077FE295E130C00A95DDA /* TrollFXView.swift */; };
		59007807295E19D000A95DDA /* fart.caf in Resources */ = {isa = PBXBuildFile; fileRef = 59007806295E19CC00A95DDA /* fart.caf */; };
		59007809295E1F5100A95DDA /* TrollFX.xcassets in Resources */ = {isa = PBXBuildFile; fileRef = 59007808295E1F5100A95DDA /* TrollFX.xcassets */; };
		5900780B295E21FF00A95DDA /* Overwrite.swift in Sources */ = {isa = PBXBuildFile; fileRef = 5900780A295E21FF00A95DDA /* Overwrite.swift */; };
		597F69EF295B3DA700E9DDF3 /* TrollModsApp.swift in Sources */ = {isa = PBXBuildFile; fileRef = 597F69EE295B3DA700E9DDF3 /* TrollModsApp.swift */; };
		597F69F1295B3DA700E9DDF3 /* ContentView.swift in Sources */ = {isa = PBXBuildFile; fileRef = 597F69F0295B3DA700E9DDF3 /* ContentView.swift */; };
		597F69F3295B3DA800E9DDF3 /* Assets.xcassets in Resources */ = {isa = PBXBuildFile; fileRef = 597F69F2295B3DA800E9DDF3 /* Assets.xcassets */; };
		597F69F6295B3DA800E9DDF3 /* Preview Assets.xcassets in Resources */ = {isa = PBXBuildFile; fileRef = 597F69F5295B3DA800E9DDF3 /* Preview Assets.xcassets */; };
		597F6A02295B42E400E9DDF3 /* TrollLock.swift in Sources */ = {isa = PBXBuildFile; fileRef = 597F6A00295B428200E9DDF3 /* TrollLock.swift */; };
		597F6A05295B443F00E9DDF3 /* TrollLock.xcassets in Resources */ = {isa = PBXBuildFile; fileRef = 597F6A04295B443F00E9DDF3 /* TrollLock.xcassets */; };
		597F6A0B295B4C3800E9DDF3 /* vm_unaligned_copy_switch_race.c in Sources */ = {isa = PBXBuildFile; fileRef = 597F6A0A295B4C3800E9DDF3 /* vm_unaligned_copy_switch_race.c */; };
		597F6A8D295B52F300E9DDF3 /* trollformation27.png in Resources */ = {isa = PBXBuildFile; fileRef = 597F6A65295B52F100E9DDF3 /* trollformation27.png */; };
		597F6A8E295B52F300E9DDF3 /* trollformation6.png in Resources */ = {isa = PBXBuildFile; fileRef = 597F6A66295B52F100E9DDF3 /* trollformation6.png */; };
		597F6A8F295B52F300E9DDF3 /* trollformation25.png in Resources */ = {isa = PBXBuildFile; fileRef = 597F6A67295B52F100E9DDF3 /* trollformation25.png */; };
		597F6A90295B52F300E9DDF3 /* trollformation37.png in Resources */ = {isa = PBXBuildFile; fileRef = 597F6A68295B52F100E9DDF3 /* trollformation37.png */; };
		597F6A91295B52F300E9DDF3 /* trollformation34.png in Resources */ = {isa = PBXBuildFile; fileRef = 597F6A69295B52F100E9DDF3 /* trollformation34.png */; };
		597F6A92295B52F300E9DDF3 /* trollformation36.png in Resources */ = {isa = PBXBuildFile; fileRef = 597F6A6A295B52F100E9DDF3 /* trollformation36.png */; };
		597F6A93295B52F300E9DDF3 /* trollformation11.png in Resources */ = {isa = PBXBuildFile; fileRef = 597F6A6B295B52F100E9DDF3 /* trollformation11.png */; };
		597F6A94295B52F300E9DDF3 /* trollformation16.png in Resources */ = {isa = PBXBuildFile; fileRef = 597F6A6C295B52F100E9DDF3 /* trollformation16.png */; };
		597F6A95295B52F300E9DDF3 /* trollformation23.png in Resources */ = {isa = PBXBuildFile; fileRef = 597F6A6D295B52F100E9DDF3 /* trollformation23.png */; };
		597F6A96295B52F300E9DDF3 /* trollformation7.png in Resources */ = {isa = PBXBuildFile; fileRef = 597F6A6E295B52F100E9DDF3 /* trollformation7.png */; };
		597F6A97295B52F300E9DDF3 /* trollformation12.png in Resources */ = {isa = PBXBuildFile; fileRef = 597F6A6F295B52F100E9DDF3 /* trollformation12.png */; };
		597F6A98295B52F300E9DDF3 /* trollformation31.png in Resources */ = {isa = PBXBuildFile; fileRef = 597F6A70295B52F100E9DDF3 /* trollformation31.png */; };
		597F6A99295B52F300E9DDF3 /* trollformation9.png in Resources */ = {isa = PBXBuildFile; fileRef = 597F6A71295B52F100E9DDF3 /* trollformation9.png */; };
		597F6A9A295B52F300E9DDF3 /* trollformation30.png in Resources */ = {isa = PBXBuildFile; fileRef = 597F6A72295B52F100E9DDF3 /* trollformation30.png */; };
		597F6A9B295B52F300E9DDF3 /* trollformation13.png in Resources */ = {isa = PBXBuildFile; fileRef = 597F6A73295B52F100E9DDF3 /* trollformation13.png */; };
		597F6A9C295B52F300E9DDF3 /* trollformation14.png in Resources */ = {isa = PBXBuildFile; fileRef = 597F6A74295B52F100E9DDF3 /* trollformation14.png */; };
		597F6A9D295B52F300E9DDF3 /* trollformation15.png in Resources */ = {isa = PBXBuildFile; fileRef = 597F6A75295B52F100E9DDF3 /* trollformation15.png */; };
		597F6A9E295B52F300E9DDF3 /* trollformation21.png in Resources */ = {isa = PBXBuildFile; fileRef = 597F6A76295B52F100E9DDF3 /* trollformation21.png */; };
		597F6A9F295B52F300E9DDF3 /* trollformation3.png in Resources */ = {isa = PBXBuildFile; fileRef = 597F6A77295B52F100E9DDF3 /* trollformation3.png */; };
		597F6AA0295B52F300E9DDF3 /* trollformation1.png in Resources */ = {isa = PBXBuildFile; fileRef = 597F6A78295B52F100E9DDF3 /* trollformation1.png */; };
		597F6AA1295B52F300E9DDF3 /* trollformation29.png in Resources */ = {isa = PBXBuildFile; fileRef = 597F6A79295B52F200E9DDF3 /* trollformation29.png */; };
		597F6AA2295B52F300E9DDF3 /* trollformation20.png in Resources */ = {isa = PBXBuildFile; fileRef = 597F6A7A295B52F200E9DDF3 /* trollformation20.png */; };
		597F6AA3295B52F300E9DDF3 /* trollformation5.png in Resources */ = {isa = PBXBuildFile; fileRef = 597F6A7B295B52F200E9DDF3 /* trollformation5.png */; };
		597F6AA4295B52F300E9DDF3 /* trollformation35.png in Resources */ = {isa = PBXBuildFile; fileRef = 597F6A7C295B52F200E9DDF3 /* trollformation35.png */; };
		597F6AA5295B52F300E9DDF3 /* trollformation17.png in Resources */ = {isa = PBXBuildFile; fileRef = 597F6A7D295B52F200E9DDF3 /* trollformation17.png */; };
		597F6AA6295B52F300E9DDF3 /* trollformation38.png in Resources */ = {isa = PBXBuildFile; fileRef = 597F6A7E295B52F200E9DDF3 /* trollformation38.png */; };
		597F6AA7295B52F300E9DDF3 /* trollformation18.png in Resources */ = {isa = PBXBuildFile; fileRef = 597F6A7F295B52F200E9DDF3 /* trollformation18.png */; };
		597F6AA8295B52F300E9DDF3 /* trollformation19.png in Resources */ = {isa = PBXBuildFile; fileRef = 597F6A80295B52F200E9DDF3 /* trollformation19.png */; };
		597F6AA9295B52F300E9DDF3 /* trollformation22.png in Resources */ = {isa = PBXBuildFile; fileRef = 597F6A81295B52F200E9DDF3 /* trollformation22.png */; };
		597F6AAA295B52F300E9DDF3 /* trollformation28.png in Resources */ = {isa = PBXBuildFile; fileRef = 597F6A82295B52F200E9DDF3 /* trollformation28.png */; };
		597F6AAB295B52F300E9DDF3 /* trollformation33.png in Resources */ = {isa = PBXBuildFile; fileRef = 597F6A83295B52F200E9DDF3 /* trollformation33.png */; };
		597F6AAC295B52F300E9DDF3 /* trollformation4.png in Resources */ = {isa = PBXBuildFile; fileRef = 597F6A84295B52F200E9DDF3 /* trollformation4.png */; };
		597F6AAD295B52F300E9DDF3 /* trollformation26.png in Resources */ = {isa = PBXBuildFile; fileRef = 597F6A85295B52F200E9DDF3 /* trollformation26.png */; };
		597F6AAE295B52F300E9DDF3 /* trollformation24.png in Resources */ = {isa = PBXBuildFile; fileRef = 597F6A86295B52F200E9DDF3 /* trollformation24.png */; };
		597F6AAF295B52F300E9DDF3 /* trollformation39.png in Resources */ = {isa = PBXBuildFile; fileRef = 597F6A87295B52F200E9DDF3 /* trollformation39.png */; };
		597F6AB0295B52F300E9DDF3 /* trollformation40.png in Resources */ = {isa = PBXBuildFile; fileRef = 597F6A88295B52F300E9DDF3 /* trollformation40.png */; };
		597F6AB1295B52F300E9DDF3 /* trollformation8.png in Resources */ = {isa = PBXBuildFile; fileRef = 597F6A89295B52F300E9DDF3 /* trollformation8.png */; };
		597F6AB2295B52F300E9DDF3 /* trollformation2.png in Resources */ = {isa = PBXBuildFile; fileRef = 597F6A8A295B52F300E9DDF3 /* trollformation2.png */; };
		597F6AB3295B52F300E9DDF3 /* trollformation32.png in Resources */ = {isa = PBXBuildFile; fileRef = 597F6A8B295B52F300E9DDF3 /* trollformation32.png */; };
		597F6AB4295B52F300E9DDF3 /* trollformation10.png in Resources */ = {isa = PBXBuildFile; fileRef = 597F6A8C295B52F300E9DDF3 /* trollformation10.png */; };
		597F6AB8295B8C0800E9DDF3 /* Zip in Frameworks */ = {isa = PBXBuildFile; productRef = 597F6AB7295B8C0800E9DDF3 /* Zip */; };
/* End PBXBuildFile section */

/* Begin PBXFileReference section */
		590077F2295DC9D400A95DDA /* baseLockAnimation.caml */ = {isa = PBXFileReference; fileEncoding = 4; lastKnownFileType = text.xml; path = baseLockAnimation.caml; sourceTree = "<group>"; };
		590077FD295E130C00A95DDA /* TrollFXImpl.swift */ = {isa = PBXFileReference; fileEncoding = 4; lastKnownFileType = sourcecode.swift; path = TrollFXImpl.swift; sourceTree = "<group>"; };
		590077FE295E130C00A95DDA /* TrollFXView.swift */ = {isa = PBXFileReference; fileEncoding = 4; lastKnownFileType = sourcecode.swift; path = TrollFXView.swift; sourceTree = "<group>"; };
		59007806295E19CC00A95DDA /* fart.caf */ = {isa = PBXFileReference; lastKnownFileType = file; path = fart.caf; sourceTree = "<group>"; };
		59007808295E1F5100A95DDA /* TrollFX.xcassets */ = {isa = PBXFileReference; lastKnownFileType = folder.assetcatalog; path = TrollFX.xcassets; sourceTree = "<group>"; };
		5900780A295E21FF00A95DDA /* Overwrite.swift */ = {isa = PBXFileReference; lastKnownFileType = sourcecode.swift; path = Overwrite.swift; sourceTree = "<group>"; };
		597F69EB295B3DA700E9DDF3 /* TrollMods.app */ = {isa = PBXFileReference; explicitFileType = wrapper.application; includeInIndex = 0; path = TrollMods.app; sourceTree = BUILT_PRODUCTS_DIR; };
		597F69EE295B3DA700E9DDF3 /* TrollModsApp.swift */ = {isa = PBXFileReference; lastKnownFileType = sourcecode.swift; path = TrollModsApp.swift; sourceTree = "<group>"; };
		597F69F0295B3DA700E9DDF3 /* ContentView.swift */ = {isa = PBXFileReference; lastKnownFileType = sourcecode.swift; path = ContentView.swift; sourceTree = "<group>"; };
		597F69F2295B3DA800E9DDF3 /* Assets.xcassets */ = {isa = PBXFileReference; lastKnownFileType = folder.assetcatalog; path = Assets.xcassets; sourceTree = "<group>"; };
		597F69F5295B3DA800E9DDF3 /* Preview Assets.xcassets */ = {isa = PBXFileReference; lastKnownFileType = folder.assetcatalog; path = "Preview Assets.xcassets"; sourceTree = "<group>"; };
		597F6A00295B428200E9DDF3 /* TrollLock.swift */ = {isa = PBXFileReference; lastKnownFileType = sourcecode.swift; path = TrollLock.swift; sourceTree = "<group>"; };
		597F6A04295B443F00E9DDF3 /* TrollLock.xcassets */ = {isa = PBXFileReference; lastKnownFileType = folder.assetcatalog; path = TrollLock.xcassets; sourceTree = "<group>"; };
		597F6A08295B4BA400E9DDF3 /* vm_unaligned_copy_switch_race.h */ = {isa = PBXFileReference; lastKnownFileType = sourcecode.c.h; path = vm_unaligned_copy_switch_race.h; sourceTree = "<group>"; };
		597F6A09295B4C3700E9DDF3 /* TrollMods-Bridging-Header.h */ = {isa = PBXFileReference; lastKnownFileType = sourcecode.c.h; path = "TrollMods-Bridging-Header.h"; sourceTree = "<group>"; };
		597F6A0A295B4C3800E9DDF3 /* vm_unaligned_copy_switch_race.c */ = {isa = PBXFileReference; lastKnownFileType = sourcecode.c.c; path = vm_unaligned_copy_switch_race.c; sourceTree = "<group>"; };
		597F6A65295B52F100E9DDF3 /* trollformation27.png */ = {isa = PBXFileReference; lastKnownFileType = image.png; path = trollformation27.png; sourceTree = "<group>"; };
		597F6A66295B52F100E9DDF3 /* trollformation6.png */ = {isa = PBXFileReference; lastKnownFileType = image.png; path = trollformation6.png; sourceTree = "<group>"; };
		597F6A67295B52F100E9DDF3 /* trollformation25.png */ = {isa = PBXFileReference; lastKnownFileType = image.png; path = trollformation25.png; sourceTree = "<group>"; };
		597F6A68295B52F100E9DDF3 /* trollformation37.png */ = {isa = PBXFileReference; lastKnownFileType = image.png; path = trollformation37.png; sourceTree = "<group>"; };
		597F6A69295B52F100E9DDF3 /* trollformation34.png */ = {isa = PBXFileReference; lastKnownFileType = image.png; path = trollformation34.png; sourceTree = "<group>"; };
		597F6A6A295B52F100E9DDF3 /* trollformation36.png */ = {isa = PBXFileReference; lastKnownFileType = image.png; path = trollformation36.png; sourceTree = "<group>"; };
		597F6A6B295B52F100E9DDF3 /* trollformation11.png */ = {isa = PBXFileReference; lastKnownFileType = image.png; path = trollformation11.png; sourceTree = "<group>"; };
		597F6A6C295B52F100E9DDF3 /* trollformation16.png */ = {isa = PBXFileReference; lastKnownFileType = image.png; path = trollformation16.png; sourceTree = "<group>"; };
		597F6A6D295B52F100E9DDF3 /* trollformation23.png */ = {isa = PBXFileReference; lastKnownFileType = image.png; path = trollformation23.png; sourceTree = "<group>"; };
		597F6A6E295B52F100E9DDF3 /* trollformation7.png */ = {isa = PBXFileReference; lastKnownFileType = image.png; path = trollformation7.png; sourceTree = "<group>"; };
		597F6A6F295B52F100E9DDF3 /* trollformation12.png */ = {isa = PBXFileReference; lastKnownFileType = image.png; path = trollformation12.png; sourceTree = "<group>"; };
		597F6A70295B52F100E9DDF3 /* trollformation31.png */ = {isa = PBXFileReference; lastKnownFileType = image.png; path = trollformation31.png; sourceTree = "<group>"; };
		597F6A71295B52F100E9DDF3 /* trollformation9.png */ = {isa = PBXFileReference; lastKnownFileType = image.png; path = trollformation9.png; sourceTree = "<group>"; };
		597F6A72295B52F100E9DDF3 /* trollformation30.png */ = {isa = PBXFileReference; lastKnownFileType = image.png; path = trollformation30.png; sourceTree = "<group>"; };
		597F6A73295B52F100E9DDF3 /* trollformation13.png */ = {isa = PBXFileReference; lastKnownFileType = image.png; path = trollformation13.png; sourceTree = "<group>"; };
		597F6A74295B52F100E9DDF3 /* trollformation14.png */ = {isa = PBXFileReference; lastKnownFileType = image.png; path = trollformation14.png; sourceTree = "<group>"; };
		597F6A75295B52F100E9DDF3 /* trollformation15.png */ = {isa = PBXFileReference; lastKnownFileType = image.png; path = trollformation15.png; sourceTree = "<group>"; };
		597F6A76295B52F100E9DDF3 /* trollformation21.png */ = {isa = PBXFileReference; lastKnownFileType = image.png; path = trollformation21.png; sourceTree = "<group>"; };
		597F6A77295B52F100E9DDF3 /* trollformation3.png */ = {isa = PBXFileReference; lastKnownFileType = image.png; path = trollformation3.png; sourceTree = "<group>"; };
		597F6A78295B52F100E9DDF3 /* trollformation1.png */ = {isa = PBXFileReference; lastKnownFileType = image.png; path = trollformation1.png; sourceTree = "<group>"; };
		597F6A79295B52F200E9DDF3 /* trollformation29.png */ = {isa = PBXFileReference; lastKnownFileType = image.png; path = trollformation29.png; sourceTree = "<group>"; };
		597F6A7A295B52F200E9DDF3 /* trollformation20.png */ = {isa = PBXFileReference; lastKnownFileType = image.png; path = trollformation20.png; sourceTree = "<group>"; };
		597F6A7B295B52F200E9DDF3 /* trollformation5.png */ = {isa = PBXFileReference; lastKnownFileType = image.png; path = trollformation5.png; sourceTree = "<group>"; };
		597F6A7C295B52F200E9DDF3 /* trollformation35.png */ = {isa = PBXFileReference; lastKnownFileType = image.png; path = trollformation35.png; sourceTree = "<group>"; };
		597F6A7D295B52F200E9DDF3 /* trollformation17.png */ = {isa = PBXFileReference; lastKnownFileType = image.png; path = trollformation17.png; sourceTree = "<group>"; };
		597F6A7E295B52F200E9DDF3 /* trollformation38.png */ = {isa = PBXFileReference; lastKnownFileType = image.png; path = trollformation38.png; sourceTree = "<group>"; };
		597F6A7F295B52F200E9DDF3 /* trollformation18.png */ = {isa = PBXFileReference; lastKnownFileType = image.png; path = trollformation18.png; sourceTree = "<group>"; };
		597F6A80295B52F200E9DDF3 /* trollformation19.png */ = {isa = PBXFileReference; lastKnownFileType = image.png; path = trollformation19.png; sourceTree = "<group>"; };
		597F6A81295B52F200E9DDF3 /* trollformation22.png */ = {isa = PBXFileReference; lastKnownFileType = image.png; path = trollformation22.png; sourceTree = "<group>"; };
		597F6A82295B52F200E9DDF3 /* trollformation28.png */ = {isa = PBXFileReference; lastKnownFileType = image.png; path = trollformation28.png; sourceTree = "<group>"; };
		597F6A83295B52F200E9DDF3 /* trollformation33.png */ = {isa = PBXFileReference; lastKnownFileType = image.png; path = trollformation33.png; sourceTree = "<group>"; };
		597F6A84295B52F200E9DDF3 /* trollformation4.png */ = {isa = PBXFileReference; lastKnownFileType = image.png; path = trollformation4.png; sourceTree = "<group>"; };
		597F6A85295B52F200E9DDF3 /* trollformation26.png */ = {isa = PBXFileReference; lastKnownFileType = image.png; path = trollformation26.png; sourceTree = "<group>"; };
		597F6A86295B52F200E9DDF3 /* trollformation24.png */ = {isa = PBXFileReference; lastKnownFileType = image.png; path = trollformation24.png; sourceTree = "<group>"; };
		597F6A87295B52F200E9DDF3 /* trollformation39.png */ = {isa = PBXFileReference; lastKnownFileType = image.png; path = trollformation39.png; sourceTree = "<group>"; };
		597F6A88295B52F300E9DDF3 /* trollformation40.png */ = {isa = PBXFileReference; lastKnownFileType = image.png; path = trollformation40.png; sourceTree = "<group>"; };
		597F6A89295B52F300E9DDF3 /* trollformation8.png */ = {isa = PBXFileReference; lastKnownFileType = image.png; path = trollformation8.png; sourceTree = "<group>"; };
		597F6A8A295B52F300E9DDF3 /* trollformation2.png */ = {isa = PBXFileReference; lastKnownFileType = image.png; path = trollformation2.png; sourceTree = "<group>"; };
		597F6A8B295B52F300E9DDF3 /* trollformation32.png */ = {isa = PBXFileReference; lastKnownFileType = image.png; path = trollformation32.png; sourceTree = "<group>"; };
		597F6A8C295B52F300E9DDF3 /* trollformation10.png */ = {isa = PBXFileReference; lastKnownFileType = image.png; path = trollformation10.png; sourceTree = "<group>"; };
		597F6AB5295B59AC00E9DDF3 /* README.md */ = {isa = PBXFileReference; lastKnownFileType = net.daringfireball.markdown; path = README.md; sourceTree = "<group>"; };
/* End PBXFileReference section */

/* Begin PBXFrameworksBuildPhase section */
		597F69E8295B3DA700E9DDF3 /* Frameworks */ = {
			isa = PBXFrameworksBuildPhase;
			buildActionMask = 2147483647;
			files = (
				597F6AB8295B8C0800E9DDF3 /* Zip in Frameworks */,
			);
			runOnlyForDeploymentPostprocessing = 0;
		};
/* End PBXFrameworksBuildPhase section */

/* Begin PBXGroup section */
		590077FC295E130C00A95DDA /* TrollFX */ = {
			isa = PBXGroup;
			children = (
				590077FD295E130C00A95DDA /* TrollFXImpl.swift */,
				590077FE295E130C00A95DDA /* TrollFXView.swift */,
				590077FF295E130C00A95DDA /* Sounds */,
				59007808295E1F5100A95DDA /* TrollFX.xcassets */,
			);
			path = TrollFX;
			sourceTree = "<group>";
		};
		590077FF295E130C00A95DDA /* Sounds */ = {
			isa = PBXGroup;
			children = (
				59007806295E19CC00A95DDA /* fart.caf */,
			);
			path = Sounds;
			sourceTree = "<group>";
		};
		596844A3295F7C60009EF84B /* WDBFontOverwrite */ = {
			isa = PBXGroup;
			children = (
			);
			path = WDBFontOverwrite;
			sourceTree = "<group>";
		};
		597F69E2295B3DA700E9DDF3 = {
			isa = PBXGroup;
			children = (
				597F6AB5295B59AC00E9DDF3 /* README.md */,
				597F69ED295B3DA700E9DDF3 /* TrollMods */,
				597F69EC295B3DA700E9DDF3 /* Products */,
			);
			sourceTree = "<group>";
		};
		597F69EC295B3DA700E9DDF3 /* Products */ = {
			isa = PBXGroup;
			children = (
				597F69EB295B3DA700E9DDF3 /* TrollMods.app */,
			);
			name = Products;
			sourceTree = "<group>";
		};
		597F69ED295B3DA700E9DDF3 /* TrollMods */ = {
			isa = PBXGroup;
			children = (
				597F6A08295B4BA400E9DDF3 /* vm_unaligned_copy_switch_race.h */,
				597F6A0A295B4C3800E9DDF3 /* vm_unaligned_copy_switch_race.c */,
				597F69FC295B3EC500E9DDF3 /* Mods */,
				597F69EE295B3DA700E9DDF3 /* TrollModsApp.swift */,
				597F69F0295B3DA700E9DDF3 /* ContentView.swift */,
				597F6A09295B4C3700E9DDF3 /* TrollMods-Bridging-Header.h */,
				597F69F2295B3DA800E9DDF3 /* Assets.xcassets */,
				597F69F4295B3DA800E9DDF3 /* Preview Content */,
				5900780A295E21FF00A95DDA /* Overwrite.swift */,
			);
			path = TrollMods;
			sourceTree = "<group>";
		};
		597F69F4295B3DA800E9DDF3 /* Preview Content */ = {
			isa = PBXGroup;
			children = (
				597F69F5295B3DA800E9DDF3 /* Preview Assets.xcassets */,
			);
			path = "Preview Content";
			sourceTree = "<group>";
		};
		597F69FC295B3EC500E9DDF3 /* Mods */ = {
			isa = PBXGroup;
			children = (
				596844A3295F7C60009EF84B /* WDBFontOverwrite */,
				590077FC295E130C00A95DDA /* TrollFX */,
				597F69FD295B3EF300E9DDF3 /* TrollLock */,
			);
			path = Mods;
			sourceTree = "<group>";
		};
		597F69FD295B3EF300E9DDF3 /* TrollLock */ = {
			isa = PBXGroup;
			children = (
				590077F2295DC9D400A95DDA /* baseLockAnimation.caml */,
				597F6A13295B526B00E9DDF3 /* Formations */,
				597F6A00295B428200E9DDF3 /* TrollLock.swift */,
				597F6A04295B443F00E9DDF3 /* TrollLock.xcassets */,
			);
			path = TrollLock;
			sourceTree = "<group>";
			usesTabs = 1;
		};
		597F6A13295B526B00E9DDF3 /* Formations */ = {
			isa = PBXGroup;
			children = (
				597F6A14295B527400E9DDF3 /* Default */,
			);
			path = Formations;
			sourceTree = "<group>";
		};
		597F6A14295B527400E9DDF3 /* Default */ = {
			isa = PBXGroup;
			children = (
				597F6A78295B52F100E9DDF3 /* trollformation1.png */,
				597F6A8A295B52F300E9DDF3 /* trollformation2.png */,
				597F6A77295B52F100E9DDF3 /* trollformation3.png */,
				597F6A84295B52F200E9DDF3 /* trollformation4.png */,
				597F6A7B295B52F200E9DDF3 /* trollformation5.png */,
				597F6A66295B52F100E9DDF3 /* trollformation6.png */,
				597F6A6E295B52F100E9DDF3 /* trollformation7.png */,
				597F6A89295B52F300E9DDF3 /* trollformation8.png */,
				597F6A71295B52F100E9DDF3 /* trollformation9.png */,
				597F6A8C295B52F300E9DDF3 /* trollformation10.png */,
				597F6A6B295B52F100E9DDF3 /* trollformation11.png */,
				597F6A6F295B52F100E9DDF3 /* trollformation12.png */,
				597F6A73295B52F100E9DDF3 /* trollformation13.png */,
				597F6A74295B52F100E9DDF3 /* trollformation14.png */,
				597F6A75295B52F100E9DDF3 /* trollformation15.png */,
				597F6A6C295B52F100E9DDF3 /* trollformation16.png */,
				597F6A7D295B52F200E9DDF3 /* trollformation17.png */,
				597F6A7F295B52F200E9DDF3 /* trollformation18.png */,
				597F6A80295B52F200E9DDF3 /* trollformation19.png */,
				597F6A7A295B52F200E9DDF3 /* trollformation20.png */,
				597F6A76295B52F100E9DDF3 /* trollformation21.png */,
				597F6A81295B52F200E9DDF3 /* trollformation22.png */,
				597F6A6D295B52F100E9DDF3 /* trollformation23.png */,
				597F6A86295B52F200E9DDF3 /* trollformation24.png */,
				597F6A67295B52F100E9DDF3 /* trollformation25.png */,
				597F6A85295B52F200E9DDF3 /* trollformation26.png */,
				597F6A65295B52F100E9DDF3 /* trollformation27.png */,
				597F6A82295B52F200E9DDF3 /* trollformation28.png */,
				597F6A79295B52F200E9DDF3 /* trollformation29.png */,
				597F6A72295B52F100E9DDF3 /* trollformation30.png */,
				597F6A70295B52F100E9DDF3 /* trollformation31.png */,
				597F6A8B295B52F300E9DDF3 /* trollformation32.png */,
				597F6A83295B52F200E9DDF3 /* trollformation33.png */,
				597F6A69295B52F100E9DDF3 /* trollformation34.png */,
				597F6A7C295B52F200E9DDF3 /* trollformation35.png */,
				597F6A6A295B52F100E9DDF3 /* trollformation36.png */,
				597F6A68295B52F100E9DDF3 /* trollformation37.png */,
				597F6A7E295B52F200E9DDF3 /* trollformation38.png */,
				597F6A87295B52F200E9DDF3 /* trollformation39.png */,
				597F6A88295B52F300E9DDF3 /* trollformation40.png */,
			);
			path = Default;
			sourceTree = "<group>";
		};
/* End PBXGroup section */

/* Begin PBXNativeTarget section */
		597F69EA295B3DA700E9DDF3 /* TrollMods */ = {
			isa = PBXNativeTarget;
			buildConfigurationList = 597F69F9295B3DA800E9DDF3 /* Build configuration list for PBXNativeTarget "TrollMods" */;
			buildPhases = (
				597F69E7295B3DA700E9DDF3 /* Sources */,
				597F69E8295B3DA700E9DDF3 /* Frameworks */,
				597F69E9295B3DA700E9DDF3 /* Resources */,
			);
			buildRules = (
			);
			dependencies = (
			);
			name = TrollMods;
			packageProductDependencies = (
				597F6AB7295B8C0800E9DDF3 /* Zip */,
			);
			productName = TrollMods;
			productReference = 597F69EB295B3DA700E9DDF3 /* TrollMods.app */;
			productType = "com.apple.product-type.application";
		};
/* End PBXNativeTarget section */

/* Begin PBXProject section */
		597F69E3295B3DA700E9DDF3 /* Project object */ = {
			isa = PBXProject;
			attributes = {
				BuildIndependentTargetsInParallel = 1;
				LastSwiftUpdateCheck = 1420;
				LastUpgradeCheck = 1420;
				TargetAttributes = {
					597F69EA295B3DA700E9DDF3 = {
						CreatedOnToolsVersion = 14.2;
						LastSwiftMigration = 1420;
					};
				};
			};
			buildConfigurationList = 597F69E6295B3DA700E9DDF3 /* Build configuration list for PBXProject "TrollMods" */;
			compatibilityVersion = "Xcode 14.0";
			developmentRegion = en;
			hasScannedForEncodings = 0;
			knownRegions = (
				en,
				Base,
			);
			mainGroup = 597F69E2295B3DA700E9DDF3;
			packageReferences = (
				597F6AB6295B8C0800E9DDF3 /* XCRemoteSwiftPackageReference "Zip" */,
			);
			productRefGroup = 597F69EC295B3DA700E9DDF3 /* Products */;
			projectDirPath = "";
			projectRoot = "";
			targets = (
				597F69EA295B3DA700E9DDF3 /* TrollMods */,
			);
		};
/* End PBXProject section */

/* Begin PBXResourcesBuildPhase section */
		597F69E9295B3DA700E9DDF3 /* Resources */ = {
			isa = PBXResourcesBuildPhase;
			buildActionMask = 2147483647;
			files = (
				597F6A95295B52F300E9DDF3 /* trollformation23.png in Resources */,
				597F6AA3295B52F300E9DDF3 /* trollformation5.png in Resources */,
				597F6AB1295B52F300E9DDF3 /* trollformation8.png in Resources */,
				597F6A94295B52F300E9DDF3 /* trollformation16.png in Resources */,
				597F6A92295B52F300E9DDF3 /* trollformation36.png in Resources */,
				597F6A98295B52F300E9DDF3 /* trollformation31.png in Resources */,
				597F6A8F295B52F300E9DDF3 /* trollformation25.png in Resources */,
				597F6AAC295B52F300E9DDF3 /* trollformation4.png in Resources */,
				597F6AA0295B52F300E9DDF3 /* trollformation1.png in Resources */,
				597F6AA9295B52F300E9DDF3 /* trollformation22.png in Resources */,
				597F6AA1295B52F300E9DDF3 /* trollformation29.png in Resources */,
				597F6AA6295B52F300E9DDF3 /* trollformation38.png in Resources */,
				597F6AB4295B52F300E9DDF3 /* trollformation10.png in Resources */,
				597F6A8D295B52F300E9DDF3 /* trollformation27.png in Resources */,
				597F6A93295B52F300E9DDF3 /* trollformation11.png in Resources */,
				597F6A97295B52F300E9DDF3 /* trollformation12.png in Resources */,
				597F6A91295B52F300E9DDF3 /* trollformation34.png in Resources */,
				597F6A9B295B52F300E9DDF3 /* trollformation13.png in Resources */,
				597F6AAB295B52F300E9DDF3 /* trollformation33.png in Resources */,
				597F6AB3295B52F300E9DDF3 /* trollformation32.png in Resources */,
				597F6A9C295B52F300E9DDF3 /* trollformation14.png in Resources */,
				597F69F6295B3DA800E9DDF3 /* Preview Assets.xcassets in Resources */,
				597F6A96295B52F300E9DDF3 /* trollformation7.png in Resources */,
				597F6A9D295B52F300E9DDF3 /* trollformation15.png in Resources */,
				597F6AA7295B52F300E9DDF3 /* trollformation18.png in Resources */,
				597F6A99295B52F300E9DDF3 /* trollformation9.png in Resources */,
				590077F3295DC9D400A95DDA /* baseLockAnimation.caml in Resources */,
				597F6AAA295B52F300E9DDF3 /* trollformation28.png in Resources */,
				597F6AA4295B52F300E9DDF3 /* trollformation35.png in Resources */,
				597F6AB2295B52F300E9DDF3 /* trollformation2.png in Resources */,
				597F6AA5295B52F300E9DDF3 /* trollformation17.png in Resources */,
				59007807295E19D000A95DDA /* fart.caf in Resources */,
				597F6A9E295B52F300E9DDF3 /* trollformation21.png in Resources */,
				59007809295E1F5100A95DDA /* TrollFX.xcassets in Resources */,
				597F6AAD295B52F300E9DDF3 /* trollformation26.png in Resources */,
				597F6A90295B52F300E9DDF3 /* trollformation37.png in Resources */,
				597F6AAF295B52F300E9DDF3 /* trollformation39.png in Resources */,
				597F6A05295B443F00E9DDF3 /* TrollLock.xcassets in Resources */,
				597F69F3295B3DA800E9DDF3 /* Assets.xcassets in Resources */,
				597F6AA8295B52F300E9DDF3 /* trollformation19.png in Resources */,
				597F6AAE295B52F300E9DDF3 /* trollformation24.png in Resources */,
				597F6A9F295B52F300E9DDF3 /* trollformation3.png in Resources */,
				597F6A9A295B52F300E9DDF3 /* trollformation30.png in Resources */,
				597F6AB0295B52F300E9DDF3 /* trollformation40.png in Resources */,
				597F6AA2295B52F300E9DDF3 /* trollformation20.png in Resources */,
				597F6A8E295B52F300E9DDF3 /* trollformation6.png in Resources */,
			);
			runOnlyForDeploymentPostprocessing = 0;
		};
/* End PBXResourcesBuildPhase section */

/* Begin PBXSourcesBuildPhase section */
		597F69E7295B3DA700E9DDF3 /* Sources */ = {
			isa = PBXSourcesBuildPhase;
			buildActionMask = 2147483647;
			files = (
				597F69F1295B3DA700E9DDF3 /* ContentView.swift in Sources */,
				5900780B295E21FF00A95DDA /* Overwrite.swift in Sources */,
				59007801295E130C00A95DDA /* TrollFXImpl.swift in Sources */,
				597F69EF295B3DA700E9DDF3 /* TrollModsApp.swift in Sources */,
				597F6A0B295B4C3800E9DDF3 /* vm_unaligned_copy_switch_race.c in Sources */,
				59007802295E130C00A95DDA /* TrollFXView.swift in Sources */,
				597F6A02295B42E400E9DDF3 /* TrollLock.swift in Sources */,
			);
			runOnlyForDeploymentPostprocessing = 0;
		};
/* End PBXSourcesBuildPhase section */

/* Begin XCBuildConfiguration section */
		597F69F7295B3DA800E9DDF3 /* Debug */ = {
			isa = XCBuildConfiguration;
			buildSettings = {
				ALWAYS_SEARCH_USER_PATHS = NO;
				CLANG_ANALYZER_NONNULL = YES;
				CLANG_ANALYZER_NUMBER_OBJECT_CONVERSION = YES_AGGRESSIVE;
				CLANG_CXX_LANGUAGE_STANDARD = "gnu++20";
				CLANG_ENABLE_MODULES = YES;
				CLANG_ENABLE_OBJC_ARC = YES;
				CLANG_ENABLE_OBJC_WEAK = YES;
				CLANG_WARN_BLOCK_CAPTURE_AUTORELEASING = YES;
				CLANG_WARN_BOOL_CONVERSION = YES;
				CLANG_WARN_COMMA = YES;
				CLANG_WARN_CONSTANT_CONVERSION = YES;
				CLANG_WARN_DEPRECATED_OBJC_IMPLEMENTATIONS = YES;
				CLANG_WARN_DIRECT_OBJC_ISA_USAGE = YES_ERROR;
				CLANG_WARN_DOCUMENTATION_COMMENTS = YES;
				CLANG_WARN_EMPTY_BODY = YES;
				CLANG_WARN_ENUM_CONVERSION = YES;
				CLANG_WARN_INFINITE_RECURSION = YES;
				CLANG_WARN_INT_CONVERSION = YES;
				CLANG_WARN_NON_LITERAL_NULL_CONVERSION = YES;
				CLANG_WARN_OBJC_IMPLICIT_RETAIN_SELF = YES;
				CLANG_WARN_OBJC_LITERAL_CONVERSION = YES;
				CLANG_WARN_OBJC_ROOT_CLASS = YES_ERROR;
				CLANG_WARN_QUOTED_INCLUDE_IN_FRAMEWORK_HEADER = YES;
				CLANG_WARN_RANGE_LOOP_ANALYSIS = YES;
				CLANG_WARN_STRICT_PROTOTYPES = YES;
				CLANG_WARN_SUSPICIOUS_MOVE = YES;
				CLANG_WARN_UNGUARDED_AVAILABILITY = YES_AGGRESSIVE;
				CLANG_WARN_UNREACHABLE_CODE = YES;
				CLANG_WARN__DUPLICATE_METHOD_MATCH = YES;
				COPY_PHASE_STRIP = NO;
				DEBUG_INFORMATION_FORMAT = dwarf;
				ENABLE_STRICT_OBJC_MSGSEND = YES;
				ENABLE_TESTABILITY = YES;
				GCC_C_LANGUAGE_STANDARD = gnu11;
				GCC_DYNAMIC_NO_PIC = NO;
				GCC_NO_COMMON_BLOCKS = YES;
				GCC_OPTIMIZATION_LEVEL = 0;
				GCC_PREPROCESSOR_DEFINITIONS = (
					"DEBUG=1",
					"$(inherited)",
				);
				GCC_WARN_64_TO_32_BIT_CONVERSION = YES;
				GCC_WARN_ABOUT_RETURN_TYPE = YES_ERROR;
				GCC_WARN_UNDECLARED_SELECTOR = YES;
				GCC_WARN_UNINITIALIZED_AUTOS = YES_AGGRESSIVE;
				GCC_WARN_UNUSED_FUNCTION = YES;
				GCC_WARN_UNUSED_VARIABLE = YES;
				IPHONEOS_DEPLOYMENT_TARGET = 16.2;
				MTL_ENABLE_DEBUG_INFO = INCLUDE_SOURCE;
				MTL_FAST_MATH = YES;
				ONLY_ACTIVE_ARCH = YES;
				SDKROOT = iphoneos;
				SWIFT_ACTIVE_COMPILATION_CONDITIONS = DEBUG;
				SWIFT_OPTIMIZATION_LEVEL = "-Onone";
			};
			name = Debug;
		};
		597F69F8295B3DA800E9DDF3 /* Release */ = {
			isa = XCBuildConfiguration;
			buildSettings = {
				ALWAYS_SEARCH_USER_PATHS = NO;
				CLANG_ANALYZER_NONNULL = YES;
				CLANG_ANALYZER_NUMBER_OBJECT_CONVERSION = YES_AGGRESSIVE;
				CLANG_CXX_LANGUAGE_STANDARD = "gnu++20";
				CLANG_ENABLE_MODULES = YES;
				CLANG_ENABLE_OBJC_ARC = YES;
				CLANG_ENABLE_OBJC_WEAK = YES;
				CLANG_WARN_BLOCK_CAPTURE_AUTORELEASING = YES;
				CLANG_WARN_BOOL_CONVERSION = YES;
				CLANG_WARN_COMMA = YES;
				CLANG_WARN_CONSTANT_CONVERSION = YES;
				CLANG_WARN_DEPRECATED_OBJC_IMPLEMENTATIONS = YES;
				CLANG_WARN_DIRECT_OBJC_ISA_USAGE = YES_ERROR;
				CLANG_WARN_DOCUMENTATION_COMMENTS = YES;
				CLANG_WARN_EMPTY_BODY = YES;
				CLANG_WARN_ENUM_CONVERSION = YES;
				CLANG_WARN_INFINITE_RECURSION = YES;
				CLANG_WARN_INT_CONVERSION = YES;
				CLANG_WARN_NON_LITERAL_NULL_CONVERSION = YES;
				CLANG_WARN_OBJC_IMPLICIT_RETAIN_SELF = YES;
				CLANG_WARN_OBJC_LITERAL_CONVERSION = YES;
				CLANG_WARN_OBJC_ROOT_CLASS = YES_ERROR;
				CLANG_WARN_QUOTED_INCLUDE_IN_FRAMEWORK_HEADER = YES;
				CLANG_WARN_RANGE_LOOP_ANALYSIS = YES;
				CLANG_WARN_STRICT_PROTOTYPES = YES;
				CLANG_WARN_SUSPICIOUS_MOVE = YES;
				CLANG_WARN_UNGUARDED_AVAILABILITY = YES_AGGRESSIVE;
				CLANG_WARN_UNREACHABLE_CODE = YES;
				CLANG_WARN__DUPLICATE_METHOD_MATCH = YES;
				COPY_PHASE_STRIP = NO;
				DEBUG_INFORMATION_FORMAT = "dwarf-with-dsym";
				ENABLE_NS_ASSERTIONS = NO;
				ENABLE_STRICT_OBJC_MSGSEND = YES;
				GCC_C_LANGUAGE_STANDARD = gnu11;
				GCC_NO_COMMON_BLOCKS = YES;
				GCC_WARN_64_TO_32_BIT_CONVERSION = YES;
				GCC_WARN_ABOUT_RETURN_TYPE = YES_ERROR;
				GCC_WARN_UNDECLARED_SELECTOR = YES;
				GCC_WARN_UNINITIALIZED_AUTOS = YES_AGGRESSIVE;
				GCC_WARN_UNUSED_FUNCTION = YES;
				GCC_WARN_UNUSED_VARIABLE = YES;
				IPHONEOS_DEPLOYMENT_TARGET = 16.2;
				MTL_ENABLE_DEBUG_INFO = NO;
				MTL_FAST_MATH = YES;
				SDKROOT = iphoneos;
				SWIFT_COMPILATION_MODE = wholemodule;
				SWIFT_OPTIMIZATION_LEVEL = "-O";
				VALIDATE_PRODUCT = YES;
			};
			name = Release;
		};
		597F69FA295B3DA800E9DDF3 /* Debug */ = {
			isa = XCBuildConfiguration;
			buildSettings = {
				ASSETCATALOG_COMPILER_APPICON_NAME = AppIcon;
				ASSETCATALOG_COMPILER_GLOBAL_ACCENT_COLOR_NAME = AccentColor;
				ASSETCATALOG_COMPILER_INCLUDE_ALL_APPICON_ASSETS = NO;
				CLANG_ENABLE_MODULES = YES;
				CODE_SIGN_IDENTITY = "Apple Development";
				CODE_SIGN_STYLE = Automatic;
				CURRENT_PROJECT_VERSION = 1;
				DEVELOPMENT_ASSET_PATHS = "\"TrollMods/Preview Content\"";
				DEVELOPMENT_TEAM = "";
				ENABLE_PREVIEWS = YES;
				GENERATE_INFOPLIST_FILE = YES;
				INFOPLIST_KEY_CFBundleDisplayName = TrollMods;
				INFOPLIST_KEY_LSApplicationCategoryType = "public.app-category.utilities";
				INFOPLIST_KEY_UIApplicationSceneManifest_Generation = YES;
				INFOPLIST_KEY_UIApplicationSupportsIndirectInputEvents = YES;
				INFOPLIST_KEY_UILaunchScreen_Generation = YES;
				INFOPLIST_KEY_UISupportedInterfaceOrientations = UIInterfaceOrientationPortrait;
				INFOPLIST_KEY_UISupportedInterfaceOrientations_iPad = "UIInterfaceOrientationLandscapeLeft UIInterfaceOrientationLandscapeRight UIInterfaceOrientationPortrait UIInterfaceOrientationPortraitUpsideDown";
				IPHONEOS_DEPLOYMENT_TARGET = 15.0;
				LD_RUNPATH_SEARCH_PATHS = (
					"$(inherited)",
					"@executable_path/Frameworks",
				);
				MARKETING_VERSION = 0.2;
				PRODUCT_BUNDLE_IDENTIFIER = io.hex36.TrollMods;
				PRODUCT_NAME = "$(TARGET_NAME)";
				PROVISIONING_PROFILE_SPECIFIER = "";
				SUPPORTED_PLATFORMS = "iphoneos iphonesimulator";
				SUPPORTS_MACCATALYST = NO;
				SUPPORTS_MAC_DESIGNED_FOR_IPHONE_IPAD = NO;
				SWIFT_EMIT_LOC_STRINGS = YES;
				SWIFT_OBJC_BRIDGING_HEADER = "TrollMods/TrollMods-Bridging-Header.h";
				SWIFT_OPTIMIZATION_LEVEL = "-Onone";
				SWIFT_VERSION = 5.0;
				TARGETED_DEVICE_FAMILY = "1,2";
			};
			name = Debug;
		};
		597F69FB295B3DA800E9DDF3 /* Release */ = {
			isa = XCBuildConfiguration;
			buildSettings = {
				ASSETCATALOG_COMPILER_APPICON_NAME = AppIcon;
				ASSETCATALOG_COMPILER_GLOBAL_ACCENT_COLOR_NAME = AccentColor;
				ASSETCATALOG_COMPILER_INCLUDE_ALL_APPICON_ASSETS = NO;
				CLANG_ENABLE_MODULES = YES;
				CODE_SIGN_IDENTITY = "Apple Development";
				CODE_SIGN_STYLE = Automatic;
				CURRENT_PROJECT_VERSION = 1;
				DEVELOPMENT_ASSET_PATHS = "\"TrollMods/Preview Content\"";
				DEVELOPMENT_TEAM = "";
				ENABLE_PREVIEWS = YES;
				GENERATE_INFOPLIST_FILE = YES;
				INFOPLIST_KEY_CFBundleDisplayName = TrollMods;
				INFOPLIST_KEY_LSApplicationCategoryType = "public.app-category.utilities";
				INFOPLIST_KEY_UIApplicationSceneManifest_Generation = YES;
				INFOPLIST_KEY_UIApplicationSupportsIndirectInputEvents = YES;
				INFOPLIST_KEY_UILaunchScreen_Generation = YES;
				INFOPLIST_KEY_UISupportedInterfaceOrientations = UIInterfaceOrientationPortrait;
				INFOPLIST_KEY_UISupportedInterfaceOrientations_iPad = "UIInterfaceOrientationLandscapeLeft UIInterfaceOrientationLandscapeRight UIInterfaceOrientationPortrait UIInterfaceOrientationPortraitUpsideDown";
				IPHONEOS_DEPLOYMENT_TARGET = 15.0;
				LD_RUNPATH_SEARCH_PATHS = (
					"$(inherited)",
					"@executable_path/Frameworks",
				);
				MARKETING_VERSION = 0.2;
				PRODUCT_BUNDLE_IDENTIFIER = io.hex36.TrollMods;
				PRODUCT_NAME = "$(TARGET_NAME)";
				PROVISIONING_PROFILE_SPECIFIER = "";
				SUPPORTED_PLATFORMS = "iphoneos iphonesimulator";
				SUPPORTS_MACCATALYST = NO;
				SUPPORTS_MAC_DESIGNED_FOR_IPHONE_IPAD = NO;
				SWIFT_EMIT_LOC_STRINGS = YES;
				SWIFT_OBJC_BRIDGING_HEADER = "TrollMods/TrollMods-Bridging-Header.h";
				SWIFT_VERSION = 5.0;
				TARGETED_DEVICE_FAMILY = "1,2";
			};
			name = Release;
		};
/* End XCBuildConfiguration section */

/* Begin XCConfigurationList section */
		597F69E6295B3DA700E9DDF3 /* Build configuration list for PBXProject "TrollMods" */ = {
			isa = XCConfigurationList;
			buildConfigurations = (
				597F69F7295B3DA800E9DDF3 /* Debug */,
				597F69F8295B3DA800E9DDF3 /* Release */,
			);
			defaultConfigurationIsVisible = 0;
			defaultConfigurationName = Release;
		};
		597F69F9295B3DA800E9DDF3 /* Build configuration list for PBXNativeTarget "TrollMods" */ = {
			isa = XCConfigurationList;
			buildConfigurations = (
				597F69FA295B3DA800E9DDF3 /* Debug */,
				597F69FB295B3DA800E9DDF3 /* Release */,
			);
			defaultConfigurationIsVisible = 0;
			defaultConfigurationName = Release;
		};
/* End XCConfigurationList section */

/* Begin XCRemoteSwiftPackageReference section */
		597F6AB6295B8C0800E9DDF3 /* XCRemoteSwiftPackageReference "Zip" */ = {
			isa = XCRemoteSwiftPackageReference;
			repositoryURL = "https://github.com/marmelroy/Zip";
			requirement = {
				kind = upToNextMajorVersion;
				minimumVersion = 2.0.0;
			};
		};
/* End XCRemoteSwiftPackageReference section */

/* Begin XCSwiftPackageProductDependency section */
		597F6AB7295B8C0800E9DDF3 /* Zip */ = {
			isa = XCSwiftPackageProductDependency;
			package = 597F6AB6295B8C0800E9DDF3 /* XCRemoteSwiftPackageReference "Zip" */;
			productName = Zip;
		};
/* End XCSwiftPackageProductDependency section */
	};
	rootObject = 597F69E3295B3DA700E9DDF3 /* Project object */;
}
